{
  "name": "moray",
  "version": "1.0.0",
  "dependencies": {
    "async": {
      "version": "0.1.18"
    },
    "bunyan": {
      "version": "0.6.8"
    },
    "deep-equal": {
      "version": "0.0.0"
    },
    "dtrace-provider": {
      "version": "0.0.6"
    },
    "generic-pool": {
      "version": "1.0.9"
    },
    "ldapjs": {
      "version": "0.5.0",
      "from": "git://github.com/mcavage/node-ldapjs.git#344cac02874fd1c96493e6baa6cad87d557795c1",
      "dependencies": {
        "asn1": {
          "version": "0.1.11"
        },
        "buffertools": {
          "version": "1.0.7"
        },
        "bunyan": {
          "version": "0.6.3"
        }
      }
    },
    "node-uuid": {
      "version": "1.3.3"
    },
    "nopt": {
      "version": "1.0.10",
      "dependencies": {
        "abbrev": {
          "version": "1.0.3"
        }
      }
    },
    "pg": {
      "version": "0.6.12"
    },
    "restify": {
      "version": "1.3.1",
      "from": "git://github.com/mcavage/node-restify.git#6d4663b1f2332c22215e0eaeafefd4ade2e03fbd",
      "dependencies": {
        "formidable": {
          "version": "1.0.9"
        },
        "http-signature": {
          "version": "0.9.9",
          "dependencies": {
            "asn1": {
              "version": "0.1.11"
            },
            "ctype": {
              "version": "0.5.0"
            }
          }
        },
        "lru-cache": {
          "version": "1.0.5"
        },
        "mime": {
          "version": "1.2.5"
        },
        "qs": {
          "version": "0.4.2"
        },
        "retry": {
          "version": "0.6.0"
        },
        "semver": {
          "version": "1.0.13"
        }
      }
    },
    "shelljs": {
      "version": "0.0.2"
    },
    "cover": {
      "version": "0.2.4",
      "dependencies": {
        "cli-table": {
          "version": "0.0.1",
          "dependencies": {
            "colors": {
              "version": "0.3.0"
            }
          }
        },
        "underscore": {
          "version": "1.2.4"
        },
        "underscore.string": {
          "version": "2.0.0"
        },
        "compress-buffer": {
          "version": "0.5.1"
        }
      }
    },
    "nodeunit": {
      "version": "0.7.4",
      "dependencies": {
        "tap": {
          "version": "0.2.4",
          "dependencies": {
            "inherits": {
              "version": "1.0.0"
            },
            "yamlish": {
              "version": "0.0.4"
            },
            "slide": {
              "version": "1.1.3"
            },
            "runforcover": {
              "version": "0.0.2",
              "dependencies": {
                "bunker": {
                  "version": "0.1.1",
                  "dependencies": {
                    "burrito": {
                      "version": "0.2.11",
                      "dependencies": {
                        "traverse": {
                          "version": "0.5.2"
                        },
                        "uglify-js": {
                          "version": "1.0.7"
                        }
                      }
                    }
                  }
                }
              }
            },
            "mkdirp": {
              "version": "0.3.0"
            },
            "difflet": {
              "version": "0.2.1",
              "dependencies": {
                "traverse": {
                  "version": "0.6.0"
                },
                "charm": {
                  "version": "0.0.6"
                }
              }
            }
          }
        }
      }
    }
  }
}
